{
  "requires": true,
  "lockfileVersion": 1,
  "dependencies": {
    "@ng-bootstrap/ng-bootstrap": {
      "version": "1.0.0-beta.7",
      "resolved": "https://registry.npmjs.org/@ng-bootstrap/ng-bootstrap/-/ng-bootstrap-1.0.0-beta.7.tgz",
      "integrity": "sha1-WLyB9hACj0BSZSnOQEg6lQKBY7A="
    }
  }
}
